
Microsoft Visual Studio Solution File, Format Version 12.00
# Visual Studio Version 16
VisualStudioVersion = 16.0.29911.84
MinimumVisualStudioVersion = 10.0.40219.1
Project("{9A19103F-16F7-4668-BE54-9A1E7A4F7556}") = "TotvsChallengePoC.Api", "TotvsChallengePoC\TotvsChallengePoC.Api.csproj", "{902978F0-9993-4101-8CCF-870D5C6809AF}"
EndProject
Project("{9A19103F-16F7-4668-BE54-9A1E7A4F7556}") = "TotvsChallengePoC.Entities", "TotvsChallengePoC.Entities\TotvsChallengePoC.Entities.csproj", "{3A156DF3-5B6F-4215-BE78-E1D9D8E4D02F}"
EndProject
Project("{9A19103F-16F7-4668-BE54-9A1E7A4F7556}") = "TotvsChallengePoC.Core", "TotvsChallengePoC.Core\TotvsChallengePoC.Core.csproj", "{E9B3D180-0962-403D-9D2B-699D0064FD6F}"
EndProject
Project("{9A19103F-16F7-4668-BE54-9A1E7A4F7556}") = "TotvsChallengePoC.Data", "TotvsChallengePoC.Data\TotvsChallengePoC.Data.csproj", "{6399D4DF-B3BB-4F45-8785-B0B5D2A795A3}"
EndProject
Project("{9A19103F-16F7-4668-BE54-9A1E7A4F7556}") = "TotvsChallengePoC.Data.EF", "TotvsChallengePoC.Data.EF\TotvsChallengePoC.Data.EF.csproj", "{B687D0F1-8871-4501-B248-B2E6BA464D13}"
EndProject
Project("{FAE04EC0-301F-11D3-BF4B-00C04F79EFBC}") = "TotvsChallenge.Tests", "TotvsChallenge.Tests\TotvsChallenge.Tests.csproj", "{6C77E371-9AB5-456E-B16F-CFDA369C49AD}"
EndProject
Global
	GlobalSection(SolutionConfigurationPlatforms) = preSolution
		Debug|Any CPU = Debug|Any CPU
		Release|Any CPU = Release|Any CPU
	EndGlobalSection
	GlobalSection(ProjectConfigurationPlatforms) = postSolution
		{902978F0-9993-4101-8CCF-870D5C6809AF}.Debug|Any CPU.ActiveCfg = Debug|Any CPU
		{902978F0-9993-4101-8CCF-870D5C6809AF}.Debug|Any CPU.Build.0 = Debug|Any CPU
		{902978F0-9993-4101-8CCF-870D5C6809AF}.Release|Any CPU.ActiveCfg = Release|Any CPU
		{902978F0-9993-4101-8CCF-870D5C6809AF}.Release|Any CPU.Build.0 = Release|Any CPU
		{3A156DF3-5B6F-4215-BE78-E1D9D8E4D02F}.Debug|Any CPU.ActiveCfg = Debug|Any CPU
		{3A156DF3-5B6F-4215-BE78-E1D9D8E4D02F}.Debug|Any CPU.Build.0 = Debug|Any CPU
		{3A156DF3-5B6F-4215-BE78-E1D9D8E4D02F}.Release|Any CPU.ActiveCfg = Release|Any CPU
		{3A156DF3-5B6F-4215-BE78-E1D9D8E4D02F}.Release|Any CPU.Build.0 = Release|Any CPU
		{E9B3D180-0962-403D-9D2B-699D0064FD6F}.Debug|Any CPU.ActiveCfg = Debug|Any CPU
		{E9B3D180-0962-403D-9D2B-699D0064FD6F}.Debug|Any CPU.Build.0 = Debug|Any CPU
		{E9B3D180-0962-403D-9D2B-699D0064FD6F}.Release|Any CPU.ActiveCfg = Release|Any CPU
		{E9B3D180-0962-403D-9D2B-699D0064FD6F}.Release|Any CPU.Build.0 = Release|Any CPU
		{6399D4DF-B3BB-4F45-8785-B0B5D2A795A3}.Debug|Any CPU.ActiveCfg = Debug|Any CPU
		{6399D4DF-B3BB-4F45-8785-B0B5D2A795A3}.Debug|Any CPU.Build.0 = Debug|Any CPU
		{6399D4DF-B3BB-4F45-8785-B0B5D2A795A3}.Release|Any CPU.ActiveCfg = Release|Any CPU
		{6399D4DF-B3BB-4F45-8785-B0B5D2A795A3}.Release|Any CPU.Build.0 = Release|Any CPU
		{B687D0F1-8871-4501-B248-B2E6BA464D13}.Debug|Any CPU.ActiveCfg = Debug|Any CPU
		{B687D0F1-8871-4501-B248-B2E6BA464D13}.Debug|Any CPU.Build.0 = Debug|Any CPU
		{B687D0F1-8871-4501-B248-B2E6BA464D13}.Release|Any CPU.ActiveCfg = Release|Any CPU
		{B687D0F1-8871-4501-B248-B2E6BA464D13}.Release|Any CPU.Build.0 = Release|Any CPU
		{6C77E371-9AB5-456E-B16F-CFDA369C49AD}.Debug|Any CPU.ActiveCfg = Debug|Any CPU
		{6C77E371-9AB5-456E-B16F-CFDA369C49AD}.Debug|Any CPU.Build.0 = Debug|Any CPU
		{6C77E371-9AB5-456E-B16F-CFDA369C49AD}.Release|Any CPU.ActiveCfg = Release|Any CPU
		{6C77E371-9AB5-456E-B16F-CFDA369C49AD}.Release|Any CPU.Build.0 = Release|Any CPU
	EndGlobalSection
	GlobalSection(SolutionProperties) = preSolution
		HideSolutionNode = FALSE
	EndGlobalSection
	GlobalSection(ExtensibilityGlobals) = postSolution
		SolutionGuid = {55BB90F9-C4C8-4E3A-BEAE-37D07842FB09}
	EndGlobalSection
EndGlobal
