
Microsoft Visual Studio Solution File, Format Version 12.00
# Visual Studio Version 16
VisualStudioVersion = 16.0.29911.84
MinimumVisualStudioVersion = 10.0.40219.1
Project("{9A19103F-16F7-4668-BE54-9A1E7A4F7556}") = "TovusChallenge.Api", "TovusChallenge.Api.csproj", "{1E8B3E08-D64F-4DBB-B641-30EF6ECB490B}"
EndProject
Project("{9A19103F-16F7-4668-BE54-9A1E7A4F7556}") = "TotvsChallenge.Core", "..\TotvsChallenge.Core\TotvsChallenge.Core.csproj", "{97DF317F-A6E0-4030-B0E7-89F4630871B0}"
EndProject
Project("{9A19103F-16F7-4668-BE54-9A1E7A4F7556}") = "TotvsChallenge.Data", "..\TotvsChallenge.Data\TotvsChallenge.Data.csproj", "{F4B891AE-AED1-4250-AAE5-387BE28D188F}"
EndProject
Project("{9A19103F-16F7-4668-BE54-9A1E7A4F7556}") = "TotvsChallenge.Entities", "..\TotvsChallenge.Entities\TotvsChallenge.Entities.csproj", "{18A5418E-65C5-42B4-8537-8407A20F066C}"
EndProject
Project("{9A19103F-16F7-4668-BE54-9A1E7A4F7556}") = "TotvsChallenge.DataAccess", "..\TotvsChallenge.DataAccess.EF\TotvsChallenge.DataAccess.csproj", "{AC4B1AA8-8AAB-45C7-BF7A-4E0BFA09B00E}"
EndProject
Project("{FAE04EC0-301F-11D3-BF4B-00C04F79EFBC}") = "TotvsChallenge.Tests", "..\TotvsChallenge.Tests\TotvsChallenge.Tests.csproj", "{26BA2A83-CA29-477F-9A0C-9DB95090D908}"
EndProject
Global
	GlobalSection(SolutionConfigurationPlatforms) = preSolution
		Debug|Any CPU = Debug|Any CPU
		Release|Any CPU = Release|Any CPU
	EndGlobalSection
	GlobalSection(ProjectConfigurationPlatforms) = postSolution
		{1E8B3E08-D64F-4DBB-B641-30EF6ECB490B}.Debug|Any CPU.ActiveCfg = Debug|Any CPU
		{1E8B3E08-D64F-4DBB-B641-30EF6ECB490B}.Debug|Any CPU.Build.0 = Debug|Any CPU
		{1E8B3E08-D64F-4DBB-B641-30EF6ECB490B}.Release|Any CPU.ActiveCfg = Release|Any CPU
		{1E8B3E08-D64F-4DBB-B641-30EF6ECB490B}.Release|Any CPU.Build.0 = Release|Any CPU
		{97DF317F-A6E0-4030-B0E7-89F4630871B0}.Debug|Any CPU.ActiveCfg = Debug|Any CPU
		{97DF317F-A6E0-4030-B0E7-89F4630871B0}.Debug|Any CPU.Build.0 = Debug|Any CPU
		{97DF317F-A6E0-4030-B0E7-89F4630871B0}.Release|Any CPU.ActiveCfg = Release|Any CPU
		{97DF317F-A6E0-4030-B0E7-89F4630871B0}.Release|Any CPU.Build.0 = Release|Any CPU
		{F4B891AE-AED1-4250-AAE5-387BE28D188F}.Debug|Any CPU.ActiveCfg = Debug|Any CPU
		{F4B891AE-AED1-4250-AAE5-387BE28D188F}.Debug|Any CPU.Build.0 = Debug|Any CPU
		{F4B891AE-AED1-4250-AAE5-387BE28D188F}.Release|Any CPU.ActiveCfg = Release|Any CPU
		{F4B891AE-AED1-4250-AAE5-387BE28D188F}.Release|Any CPU.Build.0 = Release|Any CPU
		{18A5418E-65C5-42B4-8537-8407A20F066C}.Debug|Any CPU.ActiveCfg = Debug|Any CPU
		{18A5418E-65C5-42B4-8537-8407A20F066C}.Debug|Any CPU.Build.0 = Debug|Any CPU
		{18A5418E-65C5-42B4-8537-8407A20F066C}.Release|Any CPU.ActiveCfg = Release|Any CPU
		{18A5418E-65C5-42B4-8537-8407A20F066C}.Release|Any CPU.Build.0 = Release|Any CPU
		{AC4B1AA8-8AAB-45C7-BF7A-4E0BFA09B00E}.Debug|Any CPU.ActiveCfg = Debug|Any CPU
		{AC4B1AA8-8AAB-45C7-BF7A-4E0BFA09B00E}.Debug|Any CPU.Build.0 = Debug|Any CPU
		{AC4B1AA8-8AAB-45C7-BF7A-4E0BFA09B00E}.Release|Any CPU.ActiveCfg = Release|Any CPU
		{AC4B1AA8-8AAB-45C7-BF7A-4E0BFA09B00E}.Release|Any CPU.Build.0 = Release|Any CPU
		{26BA2A83-CA29-477F-9A0C-9DB95090D908}.Debug|Any CPU.ActiveCfg = Debug|Any CPU
		{26BA2A83-CA29-477F-9A0C-9DB95090D908}.Debug|Any CPU.Build.0 = Debug|Any CPU
		{26BA2A83-CA29-477F-9A0C-9DB95090D908}.Release|Any CPU.ActiveCfg = Release|Any CPU
		{26BA2A83-CA29-477F-9A0C-9DB95090D908}.Release|Any CPU.Build.0 = Release|Any CPU
	EndGlobalSection
	GlobalSection(SolutionProperties) = preSolution
		HideSolutionNode = FALSE
	EndGlobalSection
	GlobalSection(ExtensibilityGlobals) = postSolution
		SolutionGuid = {34D76803-F2A2-4E2E-8FA3-4A706E01F09B}
	EndGlobalSection
EndGlobal
